
Microsoft Visual Studio Solution File, Format Version 12.00
# Visual Studio Version 17
VisualStudioVersion = 17.6.33829.357
MinimumVisualStudioVersion = 10.0.40219.1
Project("{FAE04EC0-301F-11D3-BF4B-00C04F79EFBC}") = "BestCSharpPracticesWhenLockOnObject", "BestCSharpPracticesWhenLockOnObject\BestCSharpPracticesWhenLockOnObject.csproj", "{12D04527-31C1-45E7-9E34-139448EC3265}"
EndProject
Global
	GlobalSection(SolutionConfigurationPlatforms) = preSolution
		Debug|Any CPU = Debug|Any CPU
		Release|Any CPU = Release|Any CPU
	EndGlobalSection
	GlobalSection(ProjectConfigurationPlatforms) = postSolution
		{12D04527-31C1-45E7-9E34-139448EC3265}.Debug|Any CPU.ActiveCfg = Debug|Any CPU
		{12D04527-31C1-45E7-9E34-139448EC3265}.Debug|Any CPU.Build.0 = Debug|Any CPU
		{12D04527-31C1-45E7-9E34-139448EC3265}.Release|Any CPU.ActiveCfg = Release|Any CPU
		{12D04527-31C1-45E7-9E34-139448EC3265}.Release|Any CPU.Build.0 = Release|Any CPU
	EndGlobalSection
	GlobalSection(SolutionProperties) = preSolution
		HideSolutionNode = FALSE
	EndGlobalSection
	GlobalSection(ExtensibilityGlobals) = postSolution
		SolutionGuid = {E7DE83C5-A063-414F-BF1C-7708E1E8B1FD}
	EndGlobalSection
EndGlobal
